
Microsoft Visual Studio Solution File, Format Version 12.00
# Visual Studio Version 16
VisualStudioVersion = 16.0.30002.166
MinimumVisualStudioVersion = 10.0.40219.1
Project("{FAE04EC0-301F-11D3-BF4B-00C04F79EFBC}") = "WinFormKOS", "WinFormKOS\WinFormKOS.csproj", "{B0A65B11-E4D9-4874-8D38-74EA5468713D}"
EndProject
Global
	GlobalSection(SolutionConfigurationPlatforms) = preSolution
		Debug|Any CPU = Debug|Any CPU
		Release|Any CPU = Release|Any CPU
	EndGlobalSection
	GlobalSection(ProjectConfigurationPlatforms) = postSolution
		{B0A65B11-E4D9-4874-8D38-74EA5468713D}.Debug|Any CPU.ActiveCfg = Debug|Any CPU
		{B0A65B11-E4D9-4874-8D38-74EA5468713D}.Debug|Any CPU.Build.0 = Debug|Any CPU
		{B0A65B11-E4D9-4874-8D38-74EA5468713D}.Release|Any CPU.ActiveCfg = Release|Any CPU
		{B0A65B11-E4D9-4874-8D38-74EA5468713D}.Release|Any CPU.Build.0 = Release|Any CPU
	EndGlobalSection
	GlobalSection(SolutionProperties) = preSolution
		HideSolutionNode = FALSE
	EndGlobalSection
	GlobalSection(ExtensibilityGlobals) = postSolution
		SolutionGuid = {D9E7C937-5915-4544-8F2C-3E49990EE01A}
	EndGlobalSection
EndGlobal
