
Microsoft Visual Studio Solution File, Format Version 12.00
# Visual Studio 15
VisualStudioVersion = 15.0.28010.2026
MinimumVisualStudioVersion = 10.0.40219.1
Project("{FAE04EC0-301F-11D3-BF4B-00C04F79EFBC}") = "WinFormKOS", "WinFormKOS\WinFormKOS.csproj", "{172A0D1F-B4FF-4A43-A441-F68A987D6757}"
EndProject
Global
	GlobalSection(SolutionConfigurationPlatforms) = preSolution
		Debug|Any CPU = Debug|Any CPU
		Release|Any CPU = Release|Any CPU
	EndGlobalSection
	GlobalSection(ProjectConfigurationPlatforms) = postSolution
		{172A0D1F-B4FF-4A43-A441-F68A987D6757}.Debug|Any CPU.ActiveCfg = Debug|Any CPU
		{172A0D1F-B4FF-4A43-A441-F68A987D6757}.Debug|Any CPU.Build.0 = Debug|Any CPU
		{172A0D1F-B4FF-4A43-A441-F68A987D6757}.Release|Any CPU.ActiveCfg = Release|Any CPU
		{172A0D1F-B4FF-4A43-A441-F68A987D6757}.Release|Any CPU.Build.0 = Release|Any CPU
	EndGlobalSection
	GlobalSection(SolutionProperties) = preSolution
		HideSolutionNode = FALSE
	EndGlobalSection
	GlobalSection(ExtensibilityGlobals) = postSolution
		SolutionGuid = {EF863A83-EC7F-4638-BB0D-3E22A6B80F8E}
	EndGlobalSection
EndGlobal
